
Microsoft Visual Studio Solution File, Format Version 12.00
# Visual Studio 15
VisualStudioVersion = 15.0.27428.2043
MinimumVisualStudioVersion = 10.0.40219.1
Project("{9A19103F-16F7-4668-BE54-9A1E7A4F7556}") = "IcgSoftware.Threema.CoreMsgApi", "IcgSoftware.Threema.CoreMsgApi\IcgSoftware.Threema.CoreMsgApi.csproj", "{B5799291-7E0A-4B42-AAC8-378535E1E579}"
EndProject
Project("{9A19103F-16F7-4668-BE54-9A1E7A4F7556}") = "IcgSoftware.Threema.CoreMsgApi.Test", "IcgSoftware.Threema.CoreMsgApi.Test\IcgSoftware.Threema.CoreMsgApi.Test.csproj", "{05B5EB0A-5D3B-4CAD-9C68-3292A0F17FBB}"
EndProject
Project("{9A19103F-16F7-4668-BE54-9A1E7A4F7556}") = "IcgSoftware.Threema.CoreMsgApi.Console", "IcgSoftware.Threema.CoreMsgApi.Console\IcgSoftware.Threema.CoreMsgApi.Console.csproj", "{909129FB-810C-4B5D-AD92-774525BD3D77}"
EndProject
Project("{9A19103F-16F7-4668-BE54-9A1E7A4F7556}") = "IcgSoftware.Threema.CoreWebApp", "IcgSoftware.Threema.CoreWebApp\IcgSoftware.Threema.CoreWebApp.csproj", "{68345BDF-E4BA-4F41-8424-F02F613529FB}"
EndProject
Global
	GlobalSection(SolutionConfigurationPlatforms) = preSolution
		Debug|Any CPU = Debug|Any CPU
		Debug|x64 = Debug|x64
		Debug|x86 = Debug|x86
		Release|Any CPU = Release|Any CPU
		Release|x64 = Release|x64
		Release|x86 = Release|x86
	EndGlobalSection
	GlobalSection(ProjectConfigurationPlatforms) = postSolution
		{B5799291-7E0A-4B42-AAC8-378535E1E579}.Debug|Any CPU.ActiveCfg = Debug|Any CPU
		{B5799291-7E0A-4B42-AAC8-378535E1E579}.Debug|Any CPU.Build.0 = Debug|Any CPU
		{B5799291-7E0A-4B42-AAC8-378535E1E579}.Debug|x64.ActiveCfg = Debug|Any CPU
		{B5799291-7E0A-4B42-AAC8-378535E1E579}.Debug|x64.Build.0 = Debug|Any CPU
		{B5799291-7E0A-4B42-AAC8-378535E1E579}.Debug|x86.ActiveCfg = Debug|Any CPU
		{B5799291-7E0A-4B42-AAC8-378535E1E579}.Debug|x86.Build.0 = Debug|Any CPU
		{B5799291-7E0A-4B42-AAC8-378535E1E579}.Release|Any CPU.ActiveCfg = Release|Any CPU
		{B5799291-7E0A-4B42-AAC8-378535E1E579}.Release|Any CPU.Build.0 = Release|Any CPU
		{B5799291-7E0A-4B42-AAC8-378535E1E579}.Release|x64.ActiveCfg = Release|Any CPU
		{B5799291-7E0A-4B42-AAC8-378535E1E579}.Release|x64.Build.0 = Release|Any CPU
		{B5799291-7E0A-4B42-AAC8-378535E1E579}.Release|x86.ActiveCfg = Release|Any CPU
		{B5799291-7E0A-4B42-AAC8-378535E1E579}.Release|x86.Build.0 = Release|Any CPU
		{05B5EB0A-5D3B-4CAD-9C68-3292A0F17FBB}.Debug|Any CPU.ActiveCfg = Debug|Any CPU
		{05B5EB0A-5D3B-4CAD-9C68-3292A0F17FBB}.Debug|Any CPU.Build.0 = Debug|Any CPU
		{05B5EB0A-5D3B-4CAD-9C68-3292A0F17FBB}.Debug|x64.ActiveCfg = Debug|Any CPU
		{05B5EB0A-5D3B-4CAD-9C68-3292A0F17FBB}.Debug|x64.Build.0 = Debug|Any CPU
		{05B5EB0A-5D3B-4CAD-9C68-3292A0F17FBB}.Debug|x86.ActiveCfg = Debug|Any CPU
		{05B5EB0A-5D3B-4CAD-9C68-3292A0F17FBB}.Debug|x86.Build.0 = Debug|Any CPU
		{05B5EB0A-5D3B-4CAD-9C68-3292A0F17FBB}.Release|Any CPU.ActiveCfg = Release|Any CPU
		{05B5EB0A-5D3B-4CAD-9C68-3292A0F17FBB}.Release|Any CPU.Build.0 = Release|Any CPU
		{05B5EB0A-5D3B-4CAD-9C68-3292A0F17FBB}.Release|x64.ActiveCfg = Release|Any CPU
		{05B5EB0A-5D3B-4CAD-9C68-3292A0F17FBB}.Release|x64.Build.0 = Release|Any CPU
		{05B5EB0A-5D3B-4CAD-9C68-3292A0F17FBB}.Release|x86.ActiveCfg = Release|Any CPU
		{05B5EB0A-5D3B-4CAD-9C68-3292A0F17FBB}.Release|x86.Build.0 = Release|Any CPU
		{909129FB-810C-4B5D-AD92-774525BD3D77}.Debug|Any CPU.ActiveCfg = Debug|Any CPU
		{909129FB-810C-4B5D-AD92-774525BD3D77}.Debug|Any CPU.Build.0 = Debug|Any CPU
		{909129FB-810C-4B5D-AD92-774525BD3D77}.Debug|x64.ActiveCfg = Debug|Any CPU
		{909129FB-810C-4B5D-AD92-774525BD3D77}.Debug|x64.Build.0 = Debug|Any CPU
		{909129FB-810C-4B5D-AD92-774525BD3D77}.Debug|x86.ActiveCfg = Debug|Any CPU
		{909129FB-810C-4B5D-AD92-774525BD3D77}.Debug|x86.Build.0 = Debug|Any CPU
		{909129FB-810C-4B5D-AD92-774525BD3D77}.Release|Any CPU.ActiveCfg = Release|Any CPU
		{909129FB-810C-4B5D-AD92-774525BD3D77}.Release|Any CPU.Build.0 = Release|Any CPU
		{909129FB-810C-4B5D-AD92-774525BD3D77}.Release|x64.ActiveCfg = Release|Any CPU
		{909129FB-810C-4B5D-AD92-774525BD3D77}.Release|x64.Build.0 = Release|Any CPU
		{909129FB-810C-4B5D-AD92-774525BD3D77}.Release|x86.ActiveCfg = Release|Any CPU
		{909129FB-810C-4B5D-AD92-774525BD3D77}.Release|x86.Build.0 = Release|Any CPU
		{68345BDF-E4BA-4F41-8424-F02F613529FB}.Debug|Any CPU.ActiveCfg = Debug|Any CPU
		{68345BDF-E4BA-4F41-8424-F02F613529FB}.Debug|Any CPU.Build.0 = Debug|Any CPU
		{68345BDF-E4BA-4F41-8424-F02F613529FB}.Debug|x64.ActiveCfg = Debug|Any CPU
		{68345BDF-E4BA-4F41-8424-F02F613529FB}.Debug|x64.Build.0 = Debug|Any CPU
		{68345BDF-E4BA-4F41-8424-F02F613529FB}.Debug|x86.ActiveCfg = Debug|Any CPU
		{68345BDF-E4BA-4F41-8424-F02F613529FB}.Debug|x86.Build.0 = Debug|Any CPU
		{68345BDF-E4BA-4F41-8424-F02F613529FB}.Release|Any CPU.ActiveCfg = Release|Any CPU
		{68345BDF-E4BA-4F41-8424-F02F613529FB}.Release|Any CPU.Build.0 = Release|Any CPU
		{68345BDF-E4BA-4F41-8424-F02F613529FB}.Release|x64.ActiveCfg = Release|Any CPU
		{68345BDF-E4BA-4F41-8424-F02F613529FB}.Release|x64.Build.0 = Release|Any CPU
		{68345BDF-E4BA-4F41-8424-F02F613529FB}.Release|x86.ActiveCfg = Release|Any CPU
		{68345BDF-E4BA-4F41-8424-F02F613529FB}.Release|x86.Build.0 = Release|Any CPU
	EndGlobalSection
	GlobalSection(SolutionProperties) = preSolution
		HideSolutionNode = FALSE
	EndGlobalSection
	GlobalSection(ExtensibilityGlobals) = postSolution
		SolutionGuid = {DDF51293-E36E-4B16-A826-B74150F6F825}
	EndGlobalSection
EndGlobal
